lockfileVersion: 5.4

specifiers:
  '@tauri-apps/api': ^1.0.2
  '@tauri-apps/cli': ^1.0.3

dependencies:
  '@tauri-apps/api': 1.0.2

devDependencies:
  '@tauri-apps/cli': 1.0.3

packages:

  /@tauri-apps/api/1.0.2:
    resolution: {integrity: sha512-yuNW0oeJ1/ZA7wNF1KgxhHrSu5viPVzY/UgUczzN5ptLM8dH15Juy5rEGkoHfeXGju90Y/l22hi3BtIrp/za+w==}
    engines: {node: '>= 12.22.0', npm: '>= 6.6.0', yarn: '>= 1.19.1'}
    dev: false

  /@tauri-apps/cli-darwin-arm64/1.0.3:
    resolution: {integrity: sha512-J0KkbpHwaTEaQFWA/yx+LDYwhV+MMI1GJsHqT1L7cIsDD/DoFyVQq8kDCZ71xTx61g0fgLwbXeTenpLEcegRpw==}
    engines: {node: '>= 10'}
    cpu: [arm64]
    os: [darwin]
    requiresBuild: true
    dev: true
    optional: true

  /@tauri-apps/cli-darwin-x64/1.0.3:
    resolution: {integrity: sha512-xO6bBCzLFIg9IelF7djUDqOpLXFv9jvaEwGgMacbhNHrqmH8DdgFqQ0vChUnNkSHxGvbl48Ob/w9tPajfGsW/w==}
    engines: {node: '>= 10'}
    cpu: [x64]
    os: [darwin]
    requiresBuild: true
    dev: true
    optional: true

  /@tauri-apps/cli-linux-arm-gnueabihf/1.0.3:
    resolution: {integrity: sha512-0lOBJgtklVw8ZQPw9wBiYMLontW+TgZ45wNz/jawx2TFWy8XZVflKXGR82/Cc1RyYKgxJTgzpbHhH0ueA2hUGg==}
    engines: {node: '>= 10'}
    cpu: [arm]
    os: [linux]
    requiresBuild: true
    dev: true
    optional: true

  /@tauri-apps/cli-linux-arm64-gnu/1.0.3:
    resolution: {integrity: sha512-NS7ki2JPCFzntV5X5xiPfseTHyb7K0zlX8Ntvu39ARaFBbIWKe7xBKpp1bBNiKFoHlfXFAe28yQtPh3xsuuLaQ==}
    engines: {node: '>= 10'}
    cpu: [arm64]
    os: [linux]
    requiresBuild: true
    dev: true
    optional: true

  /@tauri-apps/cli-linux-arm64-musl/1.0.3:
    resolution: {integrity: sha512-ak3xFnuk4pxLgsBD3CqscNICUVrEIwcFUP6WEKLAkvOrfozeZ14YE3hdTQF3fpKWa5TvROiJcS/0I62FkGtRkQ==}
    engines: {node: '>= 10'}
    cpu: [arm64]
    os: [linux]
    requiresBuild: true
    dev: true
    optional: true

  /@tauri-apps/cli-linux-x64-gnu/1.0.3:
    resolution: {integrity: sha512-qj1fYINU5EYLxjpdlKLy/ZYev7EyIhiV1vxkYZzoY4w+9UW75+qv77QLWRgWnmN/Z6RyxP50PUuUfUPDV111+A==}
    engines: {node: '>= 10'}
    cpu: [x64]
    os: [linux]
    requiresBuild: true
    dev: true
    optional: true

  /@tauri-apps/cli-linux-x64-musl/1.0.3:
    resolution: {integrity: sha512-jJZrZNltnobavoCxgQyUm8d2vfZHAOG5I5xSpqD4PSAl1hR72Z6rHCEp3RzOxgk92yoPJapu/rvTXj2RudfcJQ==}
    engines: {node: '>= 10'}
    cpu: [x64]
    os: [linux]
    requiresBuild: true
    dev: true
    optional: true

  /@tauri-apps/cli-win32-ia32-msvc/1.0.3:
    resolution: {integrity: sha512-n3JWIpSaqs80lBt3B3qqWpjfcYzuQ0SzkIXCppBM6zBKORR6mJRLgMdM1D22b7PfqTCfkpJpufpwWvFvIsZFsQ==}
    engines: {node: '>= 10'}
    cpu: [ia32]
    os: [win32]
    requiresBuild: true
    dev: true
    optional: true

  /@tauri-apps/cli-win32-x64-msvc/1.0.3:
    resolution: {integrity: sha512-Sg/s4SAwIV2hix3P5oyj3SDTXAtmbCDXwEzOr+19CRvto10wDzUD8itJroZPSIuL+NtL4kjmDnoI4gd/1Mrvdw==}
    engines: {node: '>= 10'}
    cpu: [x64]
    os: [win32]
    requiresBuild: true
    dev: true
    optional: true

  /@tauri-apps/cli/1.0.3:
    resolution: {integrity: sha512-Ufwj4Fs+/8TQrVIoYbALZ9oB4pxeUFrNWAckUViv0NfyRjATBa6PbC9Q9lalNeSGqciKQEx2ox0UbwAk2p2iOg==}
    engines: {node: '>= 10'}
    hasBin: true
    optionalDependencies:
      '@tauri-apps/cli-darwin-arm64': 1.0.3
      '@tauri-apps/cli-darwin-x64': 1.0.3
      '@tauri-apps/cli-linux-arm-gnueabihf': 1.0.3
      '@tauri-apps/cli-linux-arm64-gnu': 1.0.3
      '@tauri-apps/cli-linux-arm64-musl': 1.0.3
      '@tauri-apps/cli-linux-x64-gnu': 1.0.3
      '@tauri-apps/cli-linux-x64-musl': 1.0.3
      '@tauri-apps/cli-win32-ia32-msvc': 1.0.3
      '@tauri-apps/cli-win32-x64-msvc': 1.0.3
    dev: true
