PODS:
  - MMWormhole (2.0.0):
    - MMWormhole/Core (= 2.0.0)
  - MMWormhole/Core (2.0.0)

DEPENDENCIES:
  - MMWormhole (~> 2.0.0)

SPEC REPOS:
  https://github.com/cocoapods/specs.git:
    - MMWormhole

SPEC CHECKSUMS:
  MMWormhole: 0cd3fd35a9118b2e2d762b499f54eeaace0be791

PODFILE CHECKSUM: 15e2af431223168e91939679fe173f90a59e4cdf

COCOAPODS: 1.5.3
