PODS:
  - MMWormhole (2.0.0):
    - MMWormhole/Core (= 2.0.0)
  - MMWormhole/Core (2.0.0)
  - "UITextView+Placeholder (1.2.1)"

DEPENDENCIES:
  - MMWormhole (~> 2.0.0)
  - "UITextView+Placeholder"

SPEC REPOS:
  https://github.com/cocoapods/specs.git:
    - MMWormhole
    - "UITextView+Placeholder"

SPEC CHECKSUMS:
  MMWormhole: 0cd3fd35a9118b2e2d762b499f54eeaace0be791
  "UITextView+Placeholder": 0c3efd97f37ea64bde7f34cc6e90fe02e87b3909

PODFILE CHECKSUM: b87c9e1a0eb7f09e1b45cfedbf1bef7b99ab3c70

COCOAPODS: 1.5.3
